
Microsoft Visual Studio Solution File, Format Version 12.00
# Visual Studio 15
VisualStudioVersion = 15.0.26430.12
MinimumVisualStudioVersion = 10.0.40219.1
Project("{E24C65DC-7377-472B-9ABA-BC803B73C61A}") = "Blog", ".", "{D35BEA6D-DF5C-43B2-8EC9-79FD58196247}"
	ProjectSection(WebsiteProperties) = preProject
		TargetFrameworkMoniker = ".NETFramework,Version%3Dv4.0"
		Debug.AspNetCompiler.VirtualPath = "/localhost_51509"
		Debug.AspNetCompiler.PhysicalPath = "..\Blog\"
		Debug.AspNetCompiler.TargetPath = "PrecompiledWeb\localhost_51509\"
		Debug.AspNetCompiler.Updateable = "true"
		Debug.AspNetCompiler.ForceOverwrite = "true"
		Debug.AspNetCompiler.FixedNames = "false"
		Debug.AspNetCompiler.Debug = "True"
		Release.AspNetCompiler.VirtualPath = "/localhost_51509"
		Release.AspNetCompiler.PhysicalPath = "..\Blog\"
		Release.AspNetCompiler.TargetPath = "PrecompiledWeb\localhost_51509\"
		Release.AspNetCompiler.Updateable = "true"
		Release.AspNetCompiler.ForceOverwrite = "true"
		Release.AspNetCompiler.FixedNames = "false"
		Release.AspNetCompiler.Debug = "False"
		VWDPort = "51509"
		SlnRelativePath = "..\Blog\"
	EndProjectSection
EndProject
Global
	GlobalSection(SolutionConfigurationPlatforms) = preSolution
		Debug|Any CPU = Debug|Any CPU
	EndGlobalSection
	GlobalSection(ProjectConfigurationPlatforms) = postSolution
		{D35BEA6D-DF5C-43B2-8EC9-79FD58196247}.Debug|Any CPU.ActiveCfg = Debug|Any CPU
		{D35BEA6D-DF5C-43B2-8EC9-79FD58196247}.Debug|Any CPU.Deploy.0 = Debug|Any CPU
	EndGlobalSection
	GlobalSection(SolutionProperties) = preSolution
		HideSolutionNode = FALSE
	EndGlobalSection
EndGlobal
